
Microsoft Visual Studio Solution File, Format Version 12.00
# Visual Studio Version 17
VisualStudioVersion = 17.14.36705.20 d17.14
MinimumVisualStudioVersion = 10.0.40219.1
Project("{FAE04EC0-301F-11D3-BF4B-00C04F79EFBC}") = "messageapp", "messageapp\messageapp.csproj", "{447287B0-C39B-4548-B132-CFA972BDC2C9}"
EndProject
Project("{FAE04EC0-301F-11D3-BF4B-00C04F79EFBC}") = "messageapp.mvc", "messageapp.mvc\messageapp.mvc.csproj", "{47226499-74D4-4EC3-81A6-E064D08E7BE0}"
EndProject
Global
	GlobalSection(SolutionConfigurationPlatforms) = preSolution
		Debug|Any CPU = Debug|Any CPU
		Release|Any CPU = Release|Any CPU
	EndGlobalSection
	GlobalSection(ProjectConfigurationPlatforms) = postSolution
		{447287B0-C39B-4548-B132-CFA972BDC2C9}.Debug|Any CPU.ActiveCfg = Debug|Any CPU
		{447287B0-C39B-4548-B132-CFA972BDC2C9}.Debug|Any CPU.Build.0 = Debug|Any CPU
		{447287B0-C39B-4548-B132-CFA972BDC2C9}.Release|Any CPU.ActiveCfg = Release|Any CPU
		{447287B0-C39B-4548-B132-CFA972BDC2C9}.Release|Any CPU.Build.0 = Release|Any CPU
		{47226499-74D4-4EC3-81A6-E064D08E7BE0}.Debug|Any CPU.ActiveCfg = Debug|Any CPU
		{47226499-74D4-4EC3-81A6-E064D08E7BE0}.Debug|Any CPU.Build.0 = Debug|Any CPU
		{47226499-74D4-4EC3-81A6-E064D08E7BE0}.Release|Any CPU.ActiveCfg = Release|Any CPU
		{47226499-74D4-4EC3-81A6-E064D08E7BE0}.Release|Any CPU.Build.0 = Release|Any CPU
	EndGlobalSection
	GlobalSection(SolutionProperties) = preSolution
		HideSolutionNode = FALSE
	EndGlobalSection
	GlobalSection(ExtensibilityGlobals) = postSolution
		SolutionGuid = {198A5318-98CA-4DBE-B2CE-79D058F5E42A}
	EndGlobalSection
EndGlobal
